
Microsoft Visual Studio Solution File, Format Version 12.00
# Visual Studio Version 17
VisualStudioVersion = 17.9.34728.123
MinimumVisualStudioVersion = 10.0.40219.1
Project("{FAE04EC0-301F-11D3-BF4B-00C04F79EFBC}") = "WebUtn1", "WebUtn1.csproj", "{EA9BAD7F-82C3-446E-B3C8-BBCFBE581812}"
EndProject
Global
	GlobalSection(SolutionConfigurationPlatforms) = preSolution
		Debug|Any CPU = Debug|Any CPU
		Release|Any CPU = Release|Any CPU
	EndGlobalSection
	GlobalSection(ProjectConfigurationPlatforms) = postSolution
		{EA9BAD7F-82C3-446E-B3C8-BBCFBE581812}.Debug|Any CPU.ActiveCfg = Debug|Any CPU
		{EA9BAD7F-82C3-446E-B3C8-BBCFBE581812}.Debug|Any CPU.Build.0 = Debug|Any CPU
		{EA9BAD7F-82C3-446E-B3C8-BBCFBE581812}.Release|Any CPU.ActiveCfg = Release|Any CPU
		{EA9BAD7F-82C3-446E-B3C8-BBCFBE581812}.Release|Any CPU.Build.0 = Release|Any CPU
	EndGlobalSection
	GlobalSection(SolutionProperties) = preSolution
		HideSolutionNode = FALSE
	EndGlobalSection
	GlobalSection(ExtensibilityGlobals) = postSolution
		SolutionGuid = {8292F44B-80BD-4389-BB11-A2FF8C1007E0}
	EndGlobalSection
EndGlobal
